
Microsoft Visual Studio Solution File, Format Version 12.00
# Visual Studio 15
VisualStudioVersion = 15.0.28307.421
MinimumVisualStudioVersion = 10.0.40219.1
Project("{FAE04EC0-301F-11D3-BF4B-00C04F79EFBC}") = "ReactWeb", "ReactWeb\ReactWeb.csproj", "{1981CFA9-4FAF-4CE0-8527-69691D37AC32}"
EndProject
Global
	GlobalSection(SolutionConfigurationPlatforms) = preSolution
		Debug|Any CPU = Debug|Any CPU
		Release|Any CPU = Release|Any CPU
	EndGlobalSection
	GlobalSection(ProjectConfigurationPlatforms) = postSolution
		{1981CFA9-4FAF-4CE0-8527-69691D37AC32}.Debug|Any CPU.ActiveCfg = Debug|Any CPU
		{1981CFA9-4FAF-4CE0-8527-69691D37AC32}.Debug|Any CPU.Build.0 = Debug|Any CPU
		{1981CFA9-4FAF-4CE0-8527-69691D37AC32}.Release|Any CPU.ActiveCfg = Release|Any CPU
		{1981CFA9-4FAF-4CE0-8527-69691D37AC32}.Release|Any CPU.Build.0 = Release|Any CPU
	EndGlobalSection
	GlobalSection(SolutionProperties) = preSolution
		HideSolutionNode = FALSE
	EndGlobalSection
	GlobalSection(ExtensibilityGlobals) = postSolution
		SolutionGuid = {ACD1575B-51CD-432D-922B-4FB11340C998}
	EndGlobalSection
EndGlobal
